
Microsoft Visual Studio Solution File, Format Version 12.00
# Visual Studio Version 16
VisualStudioVersion = 16.0.29519.87
MinimumVisualStudioVersion = 10.0.40219.1
Project("{FAE04EC0-301F-11D3-BF4B-00C04F79EFBC}") = "BeanSoft.ReadFile", "BeanSoft.ReadFile\BeanSoft.ReadFile.csproj", "{53615D1F-36A0-40F0-9FCC-196CE32AA1C7}"
EndProject
Project("{FAE04EC0-301F-11D3-BF4B-00C04F79EFBC}") = "Models", "Models\Models.csproj", "{ABF43BBC-5BA7-4DD7-81E9-77D162B3355B}"
EndProject
Project("{FAE04EC0-301F-11D3-BF4B-00C04F79EFBC}") = "DataAccess", "DataAccess\DataAccess.csproj", "{2942FF37-3E63-4CC0-B081-31F385881ABD}"
EndProject
Global
	GlobalSection(SolutionConfigurationPlatforms) = preSolution
		Debug|Any CPU = Debug|Any CPU
		Release|Any CPU = Release|Any CPU
	EndGlobalSection
	GlobalSection(ProjectConfigurationPlatforms) = postSolution
		{53615D1F-36A0-40F0-9FCC-196CE32AA1C7}.Debug|Any CPU.ActiveCfg = Debug|Any CPU
		{53615D1F-36A0-40F0-9FCC-196CE32AA1C7}.Debug|Any CPU.Build.0 = Debug|Any CPU
		{53615D1F-36A0-40F0-9FCC-196CE32AA1C7}.Release|Any CPU.ActiveCfg = Release|Any CPU
		{53615D1F-36A0-40F0-9FCC-196CE32AA1C7}.Release|Any CPU.Build.0 = Release|Any CPU
		{ABF43BBC-5BA7-4DD7-81E9-77D162B3355B}.Debug|Any CPU.ActiveCfg = Debug|Any CPU
		{ABF43BBC-5BA7-4DD7-81E9-77D162B3355B}.Debug|Any CPU.Build.0 = Debug|Any CPU
		{ABF43BBC-5BA7-4DD7-81E9-77D162B3355B}.Release|Any CPU.ActiveCfg = Release|Any CPU
		{ABF43BBC-5BA7-4DD7-81E9-77D162B3355B}.Release|Any CPU.Build.0 = Release|Any CPU
		{2942FF37-3E63-4CC0-B081-31F385881ABD}.Debug|Any CPU.ActiveCfg = Debug|Any CPU
		{2942FF37-3E63-4CC0-B081-31F385881ABD}.Debug|Any CPU.Build.0 = Debug|Any CPU
		{2942FF37-3E63-4CC0-B081-31F385881ABD}.Release|Any CPU.ActiveCfg = Release|Any CPU
		{2942FF37-3E63-4CC0-B081-31F385881ABD}.Release|Any CPU.Build.0 = Release|Any CPU
	EndGlobalSection
	GlobalSection(SolutionProperties) = preSolution
		HideSolutionNode = FALSE
	EndGlobalSection
	GlobalSection(ExtensibilityGlobals) = postSolution
		SolutionGuid = {954ED235-0D4F-47A6-9CD2-265F24157F27}
	EndGlobalSection
EndGlobal
